
Microsoft Visual Studio Solution File, Format Version 12.00
# Visual Studio 15
VisualStudioVersion = 15.0.27004.2005
MinimumVisualStudioVersion = 10.0.40219.1
Project("{9092AA53-FB77-4645-B42D-1CCCA6BD08BD}") = "SingaLong", "SingaLong\SingaLong.njsproj", "{DDB5685A-C49D-4728-8A46-92016C4A6C5C}"
EndProject
Global
	GlobalSection(SolutionConfigurationPlatforms) = preSolution
		Debug|Any CPU = Debug|Any CPU
		Release|Any CPU = Release|Any CPU
	EndGlobalSection
	GlobalSection(ProjectConfigurationPlatforms) = postSolution
		{DDB5685A-C49D-4728-8A46-92016C4A6C5C}.Debug|Any CPU.ActiveCfg = Debug|Any CPU
		{DDB5685A-C49D-4728-8A46-92016C4A6C5C}.Debug|Any CPU.Build.0 = Debug|Any CPU
		{DDB5685A-C49D-4728-8A46-92016C4A6C5C}.Release|Any CPU.ActiveCfg = Release|Any CPU
		{DDB5685A-C49D-4728-8A46-92016C4A6C5C}.Release|Any CPU.Build.0 = Release|Any CPU
	EndGlobalSection
	GlobalSection(SolutionProperties) = preSolution
		HideSolutionNode = FALSE
	EndGlobalSection
	GlobalSection(ExtensibilityGlobals) = postSolution
		SolutionGuid = {6B1D5E85-BCCF-428C-BECD-85061CE7D6F6}
	EndGlobalSection
EndGlobal
